
Microsoft Visual Studio Solution File, Format Version 12.00
# Visual Studio Version 17
VisualStudioVersion = 17.1.32407.343
MinimumVisualStudioVersion = 10.0.40219.1
Project("{2150E333-8FDC-42A3-9474-1A3956D46DE8}") = "CLR_VIA_CSHARP", "CLR_VIA_CSHARP", "{48DE6CF4-E9CC-493E-9639-0971B6A26A99}"
EndProject
Project("{2150E333-8FDC-42A3-9474-1A3956D46DE8}") = "_02_building_packaging_deploying_and_administering_applications_and_types", "_02_building_packaging_deploying_and_administering_applications_and_types", "{7D3BA32D-F652-4EA3-8056-EE771B6EF8BB}"
	ProjectSection(SolutionItems) = preProject
		CSHARP_LEARNING\CLR_VIA_CSHARP\_02_building_packaging_deploying_and_administering_applications_and_types\base_config_for_windows_11.txt = CSHARP_LEARNING\CLR_VIA_CSHARP\_02_building_packaging_deploying_and_administering_applications_and_types\base_config_for_windows_11.txt
	EndProjectSection
EndProject
Project("{2150E333-8FDC-42A3-9474-1A3956D46DE8}") = "_03_shared_assemblies_and_strongly_named_assemblies", "_03_shared_assemblies_and_strongly_named_assemblies", "{34370B17-82F3-47A4-B657-805710D4A1F5}"
EndProject
Project("{2150E333-8FDC-42A3-9474-1A3956D46DE8}") = "_04_type_fundamentals", "_04_type_fundamentals", "{F91AF30C-0A2A-4B17-94C8-A2896ACF5FBB}"
EndProject
Project("{2150E333-8FDC-42A3-9474-1A3956D46DE8}") = "_05_primitive_reference_and_value_types", "_05_primitive_reference_and_value_types", "{C0872639-D7BF-4D5E-BC89-6891C8144892}"
EndProject
Project("{2150E333-8FDC-42A3-9474-1A3956D46DE8}") = "_01_assembly_launcher", "_01_assembly_launcher", "{5FBCC499-6EDD-4CA6-9AFC-CCAE7C2E6407}"
	ProjectSection(SolutionItems) = preProject
		CSHARP_LEARNING\CLR_VIA_CSHARP\_02_building_packaging_deploying_and_administering_applications_and_types\_01_assembly_launcher\command.txt = CSHARP_LEARNING\CLR_VIA_CSHARP\_02_building_packaging_deploying_and_administering_applications_and_types\_01_assembly_launcher\command.txt
		CSHARP_LEARNING\CLR_VIA_CSHARP\_02_building_packaging_deploying_and_administering_applications_and_types\_01_assembly_launcher\program.cs = CSHARP_LEARNING\CLR_VIA_CSHARP\_02_building_packaging_deploying_and_administering_applications_and_types\_01_assembly_launcher\program.cs
		CSHARP_LEARNING\CLR_VIA_CSHARP\_02_building_packaging_deploying_and_administering_applications_and_types\_01_assembly_launcher\program.exe = CSHARP_LEARNING\CLR_VIA_CSHARP\_02_building_packaging_deploying_and_administering_applications_and_types\_01_assembly_launcher\program.exe
	EndProjectSection
EndProject
Project("{2150E333-8FDC-42A3-9474-1A3956D46DE8}") = "_02_il_dasm_example", "_02_il_dasm_example", "{B7A73810-BFED-4292-938E-98E511A52FBF}"
	ProjectSection(SolutionItems) = preProject
		CSHARP_LEARNING\CLR_VIA_CSHARP\_02_building_packaging_deploying_and_administering_applications_and_types\_02_il_dasm_example\clock.cs = CSHARP_LEARNING\CLR_VIA_CSHARP\_02_building_packaging_deploying_and_administering_applications_and_types\_02_il_dasm_example\clock.cs
		CSHARP_LEARNING\CLR_VIA_CSHARP\_02_building_packaging_deploying_and_administering_applications_and_types\_02_il_dasm_example\Clock.exe = CSHARP_LEARNING\CLR_VIA_CSHARP\_02_building_packaging_deploying_and_administering_applications_and_types\_02_il_dasm_example\Clock.exe
		CSHARP_LEARNING\CLR_VIA_CSHARP\_02_building_packaging_deploying_and_administering_applications_and_types\_02_il_dasm_example\clock.netmodule = CSHARP_LEARNING\CLR_VIA_CSHARP\_02_building_packaging_deploying_and_administering_applications_and_types\_02_il_dasm_example\clock.netmodule
		CSHARP_LEARNING\CLR_VIA_CSHARP\_02_building_packaging_deploying_and_administering_applications_and_types\_02_il_dasm_example\ClockApp.cs = CSHARP_LEARNING\CLR_VIA_CSHARP\_02_building_packaging_deploying_and_administering_applications_and_types\_02_il_dasm_example\ClockApp.cs
		CSHARP_LEARNING\CLR_VIA_CSHARP\_02_building_packaging_deploying_and_administering_applications_and_types\_02_il_dasm_example\command.txt = CSHARP_LEARNING\CLR_VIA_CSHARP\_02_building_packaging_deploying_and_administering_applications_and_types\_02_il_dasm_example\command.txt
		CSHARP_LEARNING\CLR_VIA_CSHARP\_02_building_packaging_deploying_and_administering_applications_and_types\_02_il_dasm_example\toCheckMetadata.cs = CSHARP_LEARNING\CLR_VIA_CSHARP\_02_building_packaging_deploying_and_administering_applications_and_types\_02_il_dasm_example\toCheckMetadata.cs
		CSHARP_LEARNING\CLR_VIA_CSHARP\_02_building_packaging_deploying_and_administering_applications_and_types\_02_il_dasm_example\toCheckMetadata.netmodule = CSHARP_LEARNING\CLR_VIA_CSHARP\_02_building_packaging_deploying_and_administering_applications_and_types\_02_il_dasm_example\toCheckMetadata.netmodule
	EndProjectSection
EndProject
Project("{2150E333-8FDC-42A3-9474-1A3956D46DE8}") = "_03_assembly_linker", "_03_assembly_linker", "{63442F2E-CE8F-488F-8EB8-BCBD8DB8724B}"
	ProjectSection(SolutionItems) = preProject
		CSHARP_LEARNING\CLR_VIA_CSHARP\_02_building_packaging_deploying_and_administering_applications_and_types\_03_assembly_linker\cheker.netmodule = CSHARP_LEARNING\CLR_VIA_CSHARP\_02_building_packaging_deploying_and_administering_applications_and_types\_03_assembly_linker\cheker.netmodule
		CSHARP_LEARNING\CLR_VIA_CSHARP\_02_building_packaging_deploying_and_administering_applications_and_types\_03_assembly_linker\clock.cs = CSHARP_LEARNING\CLR_VIA_CSHARP\_02_building_packaging_deploying_and_administering_applications_and_types\_03_assembly_linker\clock.cs
		CSHARP_LEARNING\CLR_VIA_CSHARP\_02_building_packaging_deploying_and_administering_applications_and_types\_03_assembly_linker\clock.netmodule = CSHARP_LEARNING\CLR_VIA_CSHARP\_02_building_packaging_deploying_and_administering_applications_and_types\_03_assembly_linker\clock.netmodule
		CSHARP_LEARNING\CLR_VIA_CSHARP\_02_building_packaging_deploying_and_administering_applications_and_types\_03_assembly_linker\command.txt = CSHARP_LEARNING\CLR_VIA_CSHARP\_02_building_packaging_deploying_and_administering_applications_and_types\_03_assembly_linker\command.txt
		CSHARP_LEARNING\CLR_VIA_CSHARP\_02_building_packaging_deploying_and_administering_applications_and_types\_03_assembly_linker\result.exe = CSHARP_LEARNING\CLR_VIA_CSHARP\_02_building_packaging_deploying_and_administering_applications_and_types\_03_assembly_linker\result.exe
		CSHARP_LEARNING\CLR_VIA_CSHARP\_02_building_packaging_deploying_and_administering_applications_and_types\_03_assembly_linker\toCheckMetadata.cs = CSHARP_LEARNING\CLR_VIA_CSHARP\_02_building_packaging_deploying_and_administering_applications_and_types\_03_assembly_linker\toCheckMetadata.cs
	EndProjectSection
EndProject
Project("{2150E333-8FDC-42A3-9474-1A3956D46DE8}") = "_04_metadata_example_1", "_04_metadata_example_1", "{3405C007-206F-46D5-B0CF-894DAD49E4D6}"
	ProjectSection(SolutionItems) = preProject
		CSHARP_LEARNING\CLR_VIA_CSHARP\_02_building_packaging_deploying_and_administering_applications_and_types\_04_metadata_example_1\command.txt = CSHARP_LEARNING\CLR_VIA_CSHARP\_02_building_packaging_deploying_and_administering_applications_and_types\_04_metadata_example_1\command.txt
		CSHARP_LEARNING\CLR_VIA_CSHARP\_02_building_packaging_deploying_and_administering_applications_and_types\_04_metadata_example_1\metadata.txt = CSHARP_LEARNING\CLR_VIA_CSHARP\_02_building_packaging_deploying_and_administering_applications_and_types\_04_metadata_example_1\metadata.txt
		CSHARP_LEARNING\CLR_VIA_CSHARP\_02_building_packaging_deploying_and_administering_applications_and_types\_04_metadata_example_1\toCheckMetadata.cs = CSHARP_LEARNING\CLR_VIA_CSHARP\_02_building_packaging_deploying_and_administering_applications_and_types\_04_metadata_example_1\toCheckMetadata.cs
		CSHARP_LEARNING\CLR_VIA_CSHARP\_02_building_packaging_deploying_and_administering_applications_and_types\_04_metadata_example_1\toCheckMetadata.netmodule = CSHARP_LEARNING\CLR_VIA_CSHARP\_02_building_packaging_deploying_and_administering_applications_and_types\_04_metadata_example_1\toCheckMetadata.netmodule
	EndProjectSection
EndProject
Project("{2150E333-8FDC-42A3-9474-1A3956D46DE8}") = "_05_metadata_example_2", "_05_metadata_example_2", "{CC7DD5E8-9E97-4972-B88B-41ED4235F7D7}"
	ProjectSection(SolutionItems) = preProject
		CSHARP_LEARNING\CLR_VIA_CSHARP\_02_building_packaging_deploying_and_administering_applications_and_types\_05_metadata_example_2\CheckMetadata.exe = CSHARP_LEARNING\CLR_VIA_CSHARP\_02_building_packaging_deploying_and_administering_applications_and_types\_05_metadata_example_2\CheckMetadata.exe
		CSHARP_LEARNING\CLR_VIA_CSHARP\_02_building_packaging_deploying_and_administering_applications_and_types\_05_metadata_example_2\command.txt = CSHARP_LEARNING\CLR_VIA_CSHARP\_02_building_packaging_deploying_and_administering_applications_and_types\_05_metadata_example_2\command.txt
		CSHARP_LEARNING\CLR_VIA_CSHARP\_02_building_packaging_deploying_and_administering_applications_and_types\_05_metadata_example_2\metadata.txt = CSHARP_LEARNING\CLR_VIA_CSHARP\_02_building_packaging_deploying_and_administering_applications_and_types\_05_metadata_example_2\metadata.txt
		CSHARP_LEARNING\CLR_VIA_CSHARP\_02_building_packaging_deploying_and_administering_applications_and_types\_05_metadata_example_2\toCheckMetadata.cs = CSHARP_LEARNING\CLR_VIA_CSHARP\_02_building_packaging_deploying_and_administering_applications_and_types\_05_metadata_example_2\toCheckMetadata.cs
	EndProjectSection
EndProject
Project("{2150E333-8FDC-42A3-9474-1A3956D46DE8}") = "_01_test_keys_by_sn_exe", "_01_test_keys_by_sn_exe", "{93D1DBFE-53B6-4A68-918A-ACD22C90BB4C}"
	ProjectSection(SolutionItems) = preProject
		CSHARP_LEARNING\CLR_VIA_CSHARP\_03_shared_assemblies_and_strongly_named_assemblies\_01_test_keys_by_sn_exe\manifest_without_key.txt = CSHARP_LEARNING\CLR_VIA_CSHARP\_03_shared_assemblies_and_strongly_named_assemblies\_01_test_keys_by_sn_exe\manifest_without_key.txt
		CSHARP_LEARNING\CLR_VIA_CSHARP\_03_shared_assemblies_and_strongly_named_assemblies\_01_test_keys_by_sn_exe\manifest_with_key.txt.txt = CSHARP_LEARNING\CLR_VIA_CSHARP\_03_shared_assemblies_and_strongly_named_assemblies\_01_test_keys_by_sn_exe\manifest_with_key.txt.txt
		CSHARP_LEARNING\CLR_VIA_CSHARP\_03_shared_assemblies_and_strongly_named_assemblies\_01_test_keys_by_sn_exe\program.cs = CSHARP_LEARNING\CLR_VIA_CSHARP\_03_shared_assemblies_and_strongly_named_assemblies\_01_test_keys_by_sn_exe\program.cs
		CSHARP_LEARNING\CLR_VIA_CSHARP\_03_shared_assemblies_and_strongly_named_assemblies\_01_test_keys_by_sn_exe\program.exe = CSHARP_LEARNING\CLR_VIA_CSHARP\_03_shared_assemblies_and_strongly_named_assemblies\_01_test_keys_by_sn_exe\program.exe
		CSHARP_LEARNING\CLR_VIA_CSHARP\_03_shared_assemblies_and_strongly_named_assemblies\_01_test_keys_by_sn_exe\Test.PublicKey = CSHARP_LEARNING\CLR_VIA_CSHARP\_03_shared_assemblies_and_strongly_named_assemblies\_01_test_keys_by_sn_exe\Test.PublicKey
		CSHARP_LEARNING\CLR_VIA_CSHARP\_03_shared_assemblies_and_strongly_named_assemblies\_01_test_keys_by_sn_exe\Test.snk = CSHARP_LEARNING\CLR_VIA_CSHARP\_03_shared_assemblies_and_strongly_named_assemblies\_01_test_keys_by_sn_exe\Test.snk
	EndProjectSection
EndProject
Project("{2150E333-8FDC-42A3-9474-1A3956D46DE8}") = "_02_gac_util", "_02_gac_util", "{B0B7BCBD-B21A-41BF-802E-C74D362DA988}"
	ProjectSection(SolutionItems) = preProject
		CSHARP_LEARNING\CLR_VIA_CSHARP\_03_shared_assemblies_and_strongly_named_assemblies\_02_gac_util\command.txt = CSHARP_LEARNING\CLR_VIA_CSHARP\_03_shared_assemblies_and_strongly_named_assemblies\_02_gac_util\command.txt
		CSHARP_LEARNING\CLR_VIA_CSHARP\_03_shared_assemblies_and_strongly_named_assemblies\_02_gac_util\program.cs = CSHARP_LEARNING\CLR_VIA_CSHARP\_03_shared_assemblies_and_strongly_named_assemblies\_02_gac_util\program.cs
		CSHARP_LEARNING\CLR_VIA_CSHARP\_03_shared_assemblies_and_strongly_named_assemblies\_02_gac_util\program.exe = CSHARP_LEARNING\CLR_VIA_CSHARP\_03_shared_assemblies_and_strongly_named_assemblies\_02_gac_util\program.exe
	EndProjectSection
EndProject
Project("{2150E333-8FDC-42A3-9474-1A3956D46DE8}") = "_03_delayed_signing", "_03_delayed_signing", "{0CA54E56-7DF3-46B2-8EC8-16C587DB6698}"
	ProjectSection(SolutionItems) = preProject
		CSHARP_LEARNING\CLR_VIA_CSHARP\_03_shared_assemblies_and_strongly_named_assemblies\_03_delayed_signing\commands.txt = CSHARP_LEARNING\CLR_VIA_CSHARP\_03_shared_assemblies_and_strongly_named_assemblies\_03_delayed_signing\commands.txt
		CSHARP_LEARNING\CLR_VIA_CSHARP\_03_shared_assemblies_and_strongly_named_assemblies\_03_delayed_signing\program.cs = CSHARP_LEARNING\CLR_VIA_CSHARP\_03_shared_assemblies_and_strongly_named_assemblies\_03_delayed_signing\program.cs
		CSHARP_LEARNING\CLR_VIA_CSHARP\_03_shared_assemblies_and_strongly_named_assemblies\_03_delayed_signing\program.exe = CSHARP_LEARNING\CLR_VIA_CSHARP\_03_shared_assemblies_and_strongly_named_assemblies\_03_delayed_signing\program.exe
		CSHARP_LEARNING\CLR_VIA_CSHARP\_03_shared_assemblies_and_strongly_named_assemblies\_03_delayed_signing\Test.PublicKey = CSHARP_LEARNING\CLR_VIA_CSHARP\_03_shared_assemblies_and_strongly_named_assemblies\_03_delayed_signing\Test.PublicKey
		CSHARP_LEARNING\CLR_VIA_CSHARP\_03_shared_assemblies_and_strongly_named_assemblies\_03_delayed_signing\Test.snk = CSHARP_LEARNING\CLR_VIA_CSHARP\_03_shared_assemblies_and_strongly_named_assemblies\_03_delayed_signing\Test.snk
	EndProjectSection
EndProject
Project("{9A19103F-16F7-4668-BE54-9A1E7A4F7556}") = "_01_all_types_inherited_from_the_object", "CSHARP_LEARNING\CLR_VIA_CSHARP\_04_type_fundamentals\_01_all_types_inherited_from_the_object\_01_all_types_inherited_from_the_object.csproj", "{5822CC71-2C9B-4D72-9637-76CA2F1E2082}"
EndProject
Project("{9A19103F-16F7-4668-BE54-9A1E7A4F7556}") = "_02_new_operation", "CSHARP_LEARNING\CLR_VIA_CSHARP\_04_type_fundamentals\_02_new_operation\_02_new_operation.csproj", "{3E57F413-0FE5-4A32-9E5D-0641E8B5A1FB}"
EndProject
Project("{9A19103F-16F7-4668-BE54-9A1E7A4F7556}") = "_03_typecasting", "CSHARP_LEARNING\CLR_VIA_CSHARP\_04_type_fundamentals\_03_typecasting\_03_typecasting.csproj", "{647EE506-2B17-412A-8839-40FDB2AD9DE3}"
EndProject
Project("{9A19103F-16F7-4668-BE54-9A1E7A4F7556}") = "_04_is_as_casting", "CSHARP_LEARNING\CLR_VIA_CSHARP\_04_type_fundamentals\_04_is_as_casting\_04_is_as_casting.csproj", "{643001DC-8607-4582-824D-61C96653D866}"
EndProject
Project("{9A19103F-16F7-4668-BE54-9A1E7A4F7556}") = "_05_how_things_relate_at_runtime_stack_example_1", "CSHARP_LEARNING\CLR_VIA_CSHARP\_04_type_fundamentals\_05_howthings_relate_at_runtime_stack_example_1\_05_how_things_relate_at_runtime_stack_example_1.csproj", "{B60973AA-7F9D-4D96-A90C-52F6EFF2368D}"
EndProject
Project("{9A19103F-16F7-4668-BE54-9A1E7A4F7556}") = "_06_how_things_relate_at_runtime_stack_example_2", "CSHARP_LEARNING\CLR_VIA_CSHARP\_04_type_fundamentals\_06_howthings_relate_at_runtime_stack_example_2\_06_how_things_relate_at_runtime_stack_example_2.csproj", "{378E4DF9-A594-41D6-9C2B-18A5EB9EB3B4}"
EndProject
Project("{9A19103F-16F7-4668-BE54-9A1E7A4F7556}") = "_01_casting_implicit_explicit_convertions", "CSHARP_LEARNING\CLR_VIA_CSHARP\_05_primitive_reference_and_value_types\_01_casting_implicit_explicit_convertions\_01_casting_implicit_explicit_convertions.csproj", "{2909977A-6ACE-4DB4-9808-C3E365C4B153}"
EndProject
Project("{2150E333-8FDC-42A3-9474-1A3956D46DE8}") = "Tricky_questions", "Tricky_questions", "{B374A91C-7C1E-4370-91FA-2847AF4D0D37}"
EndProject
Project("{9A19103F-16F7-4668-BE54-9A1E7A4F7556}") = "_01_double_while", "CSHARP_LEARNING\Tricky_questions\_01_double_while\_01_double_while.csproj", "{07855F41-D536-485D-8E9E-553B7D86B606}"
EndProject
Project("{9A19103F-16F7-4668-BE54-9A1E7A4F7556}") = "_02_reference_types_and_value_types", "CSHARP_LEARNING\CLR_VIA_CSHARP\_05_primitive_reference_and_value_types\_02_reference_types_and_value_types\_02_reference_types_and_value_types.csproj", "{987B8F1E-D4A6-47CF-980F-188278D55CE4}"
EndProject
Project("{9A19103F-16F7-4668-BE54-9A1E7A4F7556}") = "_03_boxing_unboxing_of_value_types", "CSHARP_LEARNING\CLR_VIA_CSHARP\_05_primitive_reference_and_value_types\_03_boxing_unboxing_of_value_types\_03_boxing_unboxing_of_value_types.csproj", "{FB0C49C2-77FD-4D89-8F21-9D6ECA2C3175}"
EndProject
Project("{9A19103F-16F7-4668-BE54-9A1E7A4F7556}") = "_04_change_fields_in_boxed_value_type_with_object", "CSHARP_LEARNING\CLR_VIA_CSHARP\_05_primitive_reference_and_value_types\_04_change_fields_in_boxed_value_type\_04_change_fields_in_boxed_value_type_with_object.csproj", "{46826BC1-1A9A-4DF7-A17A-A9ED7C651FA3}"
EndProject
Project("{9A19103F-16F7-4668-BE54-9A1E7A4F7556}") = "_02_closering_magic", "CSHARP_LEARNING\Tricky_questions\_02_closering_magic\_02_closering_magic.csproj", "{A8496DA3-B5B5-4877-8BC0-72AAEC7DB05E}"
EndProject
Project("{2150E333-8FDC-42A3-9474-1A3956D46DE8}") = "MVC_MVP_MVVM", "MVC_MVP_MVVM", "{B8B28EF5-7329-4F06-898D-D53F036DA02D}"
EndProject
Project("{9A19103F-16F7-4668-BE54-9A1E7A4F7556}") = "MVC", "CSHARP_LEARNING\MVC_MVP_MVVM\MVC\MVC.csproj", "{A2364905-EBCB-482D-8726-67982B63EEA2}"
EndProject
Project("{9A19103F-16F7-4668-BE54-9A1E7A4F7556}") = "MVP", "CSHARP_LEARNING\MVC_MVP_MVVM\MVP\MVP.csproj", "{79494E3A-9747-4E7F-A0C4-FC99B18BE64B}"
EndProject
Project("{2150E333-8FDC-42A3-9474-1A3956D46DE8}") = "MVP_APP", "MVP_APP", "{9B779D4F-2960-43D5-9930-FC2780BADCCD}"
EndProject
Project("{2150E333-8FDC-42A3-9474-1A3956D46DE8}") = "MVC_APP", "MVC_APP", "{2A40CAE5-63B6-4208-857F-E728C6CA0D45}"
EndProject
Project("{2150E333-8FDC-42A3-9474-1A3956D46DE8}") = "MVVM_APP", "MVVM_APP", "{076A59CF-6566-46F4-AF59-0930EDC600F9}"
EndProject
Project("{9A19103F-16F7-4668-BE54-9A1E7A4F7556}") = "MVVM", "CSHARP_LEARNING\MVC_MVP_MVVM\MVVM\MVVM\MVVM.csproj", "{9023ACA1-CF97-4BB7-9ED7-05757CF2C307}"
EndProject
Project("{9A19103F-16F7-4668-BE54-9A1E7A4F7556}") = "MVP_BLL", "CSHARP_LEARNING\MVC_MVP_MVVM\MVP_BLL\MVP_BLL.csproj", "{5C3FA579-D969-4378-87C9-62343E7299EF}"
EndProject
Project("{2150E333-8FDC-42A3-9474-1A3956D46DE8}") = "UML_DIAGRAMS", "UML_DIAGRAMS", "{8C03E245-375B-49F8-907E-F9EE676F0C4F}"
	ProjectSection(SolutionItems) = preProject
		CSHARP_LEARNING\UML_DIAGRAMS\uml.md = CSHARP_LEARNING\UML_DIAGRAMS\uml.md
	EndProjectSection
EndProject
Project("{2150E333-8FDC-42A3-9474-1A3956D46DE8}") = "resources", "resources", "{20C60FD2-AD83-42E5-BAF6-2C0F1D25212B}"
	ProjectSection(SolutionItems) = preProject
		CSHARP_LEARNING\UML_DIAGRAMS\aggregation.jpg = CSHARP_LEARNING\UML_DIAGRAMS\aggregation.jpg
		CSHARP_LEARNING\UML_DIAGRAMS\association.jpg = CSHARP_LEARNING\UML_DIAGRAMS\association.jpg
		CSHARP_LEARNING\UML_DIAGRAMS\composition.jpg = CSHARP_LEARNING\UML_DIAGRAMS\composition.jpg
		CSHARP_LEARNING\UML_DIAGRAMS\inheritance.jpg = CSHARP_LEARNING\UML_DIAGRAMS\inheritance.jpg
		CSHARP_LEARNING\UML_DIAGRAMS\visibility.jpg = CSHARP_LEARNING\UML_DIAGRAMS\visibility.jpg
	EndProjectSection
EndProject
Project("{2150E333-8FDC-42A3-9474-1A3956D46DE8}") = "WCF", "WCF", "{34C51739-514F-4557-B549-6A2D0379F7B7}"
	ProjectSection(SolutionItems) = preProject
		CSHARP_LEARNING\WCF\wcf_questions.txt = CSHARP_LEARNING\WCF\wcf_questions.txt
	EndProjectSection
EndProject
Project("{FAE04EC0-301F-11D3-BF4B-00C04F79EFBC}") = "CalculatorWcfService", "CSHARP_LEARNING\WCF\WcfExample\CalculatorWcfService.csproj", "{7197D90C-E4E2-4410-A06A-54B73D41DEA3}"
EndProject
Project("{FAE04EC0-301F-11D3-BF4B-00C04F79EFBC}") = "CalculatorWcfClient", "CSHARP_LEARNING\WCF\CalculatorWcfClient\CalculatorWcfClient.csproj", "{EE74DB35-3554-42ED-BA57-32E741820D0D}"
EndProject
Project("{2150E333-8FDC-42A3-9474-1A3956D46DE8}") = "PollyLibraryTest", "PollyLibraryTest", "{DAA3CFCE-54FB-4075-8AB8-DEE391CC67F4}"
EndProject
Project("{9A19103F-16F7-4668-BE54-9A1E7A4F7556}") = "TimeMasterApi", "CSHARP_LEARNING\PollyLibraryTest\TimeMasterApi\TimeMasterApi.csproj", "{D32D2D50-8813-4F46-9EC8-85180CF8B617}"
EndProject
Project("{9A19103F-16F7-4668-BE54-9A1E7A4F7556}") = "PolyTestConsole", "CSHARP_LEARNING\PollyLibraryTest\PolyTestConsole\PolyTestConsole.csproj", "{E341C02C-C036-4AEF-8EE5-E563F65F8170}"
EndProject
Project("{9A19103F-16F7-4668-BE54-9A1E7A4F7556}") = "PolyTestApi", "CSHARP_LEARNING\PollyLibraryTest\PolyTestApi\PolyTestApi.csproj", "{FF9F06F7-52FC-4321-8E26-520B8CDA8B3E}"
EndProject
Project("{2150E333-8FDC-42A3-9474-1A3956D46DE8}") = "FiltersInAspNetCore", "FiltersInAspNetCore", "{AF4BCE08-667E-4284-BCA6-91DB55585941}"
	ProjectSection(SolutionItems) = preProject
		CSHARP_LEARNING\FiltersInAspNetCore\readme.md = CSHARP_LEARNING\FiltersInAspNetCore\readme.md
	EndProjectSection
EndProject
Project("{9A19103F-16F7-4668-BE54-9A1E7A4F7556}") = "FilterTesting", "CSHARP_LEARNING\FiltersInAspNetCore\FilterTesting\FilterTesting.csproj", "{D774934F-D3C1-478F-86CE-8A91927CCA6B}"
EndProject
Project("{2150E333-8FDC-42A3-9474-1A3956D46DE8}") = "resources", "resources", "{565CEFDB-5921-43FE-9042-DD7461BF8AE5}"
	ProjectSection(SolutionItems) = preProject
		CSHARP_LEARNING\FiltersInAspNetCore\resources\filter-pipeline-2.png = CSHARP_LEARNING\FiltersInAspNetCore\resources\filter-pipeline-2.png
		CSHARP_LEARNING\FiltersInAspNetCore\resources\sequence.png = CSHARP_LEARNING\FiltersInAspNetCore\resources\sequence.png
	EndProjectSection
EndProject
Project("{2150E333-8FDC-42A3-9474-1A3956D46DE8}") = "UNSORTED", "UNSORTED", "{FD2C4D64-E452-4481-BDDB-716FCFCC563A}"
EndProject
Project("{9A19103F-16F7-4668-BE54-9A1E7A4F7556}") = "IEnumeratorTest", "CSHARP_LEARNING\UNSORTED\IEnumeratorTest\IEnumeratorTest.csproj", "{F035FE2B-E23B-4F23-ADB2-2CD41203F9B3}"
EndProject
Project("{2150E333-8FDC-42A3-9474-1A3956D46DE8}") = "Threads", "Threads", "{BF945DF9-90BE-407E-82F5-6C766F376E61}"
EndProject
Project("{2150E333-8FDC-42A3-9474-1A3956D46DE8}") = "Tasks", "Tasks", "{C3B7B376-B3A5-465F-ADC1-BDE67BAA6FCA}"
EndProject
Project("{9A19103F-16F7-4668-BE54-9A1E7A4F7556}") = "ForegroundBaclgroundThreads", "CSHARP_LEARNING\Threding\ForegroundBaclgroundThreads\ForegroundBaclgroundThreads.csproj", "{CBF045F6-A0F6-4F08-92C2-D967A27753CA}"
EndProject
Project("{9A19103F-16F7-4668-BE54-9A1E7A4F7556}") = "ThreadPoolTest", "CSHARP_LEARNING\Threding\ThreadPoolTest\ThreadPoolTest.csproj", "{2DF51D6B-D9F1-45EF-AA00-9AD0BEB61E94}"
EndProject
Project("{2150E333-8FDC-42A3-9474-1A3956D46DE8}") = "Algorithms", "Algorithms", "{674D2755-C1FB-4F1A-911C-232DCEEC4EF7}"
EndProject
Project("{9A19103F-16F7-4668-BE54-9A1E7A4F7556}") = "BynarySearch", "CSHARP_LEARNING\Algorithms\BynarySearch\BynarySearch.csproj", "{1796EBA4-EA3E-458B-8D59-C892CC879B24}"
EndProject
Project("{9A19103F-16F7-4668-BE54-9A1E7A4F7556}") = "_03_ienumerable_task", "CSHARP_LEARNING\Tricky_questions\_03_ienumerable_task\_03_ienumerable_task.csproj", "{BDE97F33-54FF-490C-B605-1068C5134339}"
EndProject
Project("{9A19103F-16F7-4668-BE54-9A1E7A4F7556}") = "ThreadSyncLock", "CSHARP_LEARNING\Threding\ThreadSync\ThreadSyncLock.csproj", "{A4EAFA03-0999-4AFE-AC0F-43304A9F85C1}"
EndProject
Project("{9A19103F-16F7-4668-BE54-9A1E7A4F7556}") = "ThreadSyncMonitor", "CSHARP_LEARNING\Threding\ThreadSyncMonitor\ThreadSyncMonitor.csproj", "{6A51C110-6907-4107-812D-465346C87A5E}"
EndProject
Project("{9A19103F-16F7-4668-BE54-9A1E7A4F7556}") = "ThreadSyncSemafor", "CSHARP_LEARNING\Threding\ThreadSemafor\ThreadSyncSemafor.csproj", "{4BA5BDD1-EDB4-4C7B-9CB8-0CA0D8ABE79B}"
EndProject
Project("{9A19103F-16F7-4668-BE54-9A1E7A4F7556}") = "ThreadSyncMutex", "CSHARP_LEARNING\Threding\ThreadSyncMutex\ThreadSyncMutex.csproj", "{3E3A4515-8043-40E8-95D3-73FE2A796C2A}"
EndProject
Project("{2150E333-8FDC-42A3-9474-1A3956D46DE8}") = "Collections", "Collections", "{AE9D9DCC-8AB3-4666-9436-F1C29936EFD9}"
EndProject
Project("{9A19103F-16F7-4668-BE54-9A1E7A4F7556}") = "TestConcurentDictionary", "CSHARP_LEARNING\Collections\TestConcurentDictionary\TestConcurentDictionary.csproj", "{83C71D5F-2FA2-409A-8113-7892204082E3}"
EndProject
Project("{9A19103F-16F7-4668-BE54-9A1E7A4F7556}") = "DeadLockExample", "CSHARP_LEARNING\Tasks\DeadLockExample\DeadLockExample.csproj", "{5BF7D4A3-E0E2-43CE-99E4-0FE8391AD687}"
EndProject
Project("{2150E333-8FDC-42A3-9474-1A3956D46DE8}") = "Finalization", "Finalization", "{B704A669-0E76-48CF-957E-9C93DD83BD41}"
EndProject
Project("{9A19103F-16F7-4668-BE54-9A1E7A4F7556}") = "FinalizationTest", "CSHARP_LEARNING\Finalization\FinalizationTest\FinalizationTest.csproj", "{A6896A09-0ED7-4AF8-9F4C-F6DC8FD4C5F6}"
EndProject
Project("{9A19103F-16F7-4668-BE54-9A1E7A4F7556}") = "DisposeTest", "CSHARP_LEARNING\Finalization\DisposeTest\DisposeTest.csproj", "{F5314E7A-F6C7-44B2-ABA0-D1092CF03798}"
EndProject
Project("{2150E333-8FDC-42A3-9474-1A3956D46DE8}") = "GRAPHS", "GRAPHS", "{23C1149B-CF30-443A-9285-DB4B03FEF95C}"
EndProject
Project("{9A19103F-16F7-4668-BE54-9A1E7A4F7556}") = "GraphsBasics", "CSHARP_LEARNING\GRAPHS\GraphsBasics\GraphsBasics.csproj", "{714AF4E0-AA42-4324-8A08-3EBB00C31666}"
EndProject
Project("{9A19103F-16F7-4668-BE54-9A1E7A4F7556}") = "LeetCodePraphTast1161", "CSHARP_LEARNING\GRAPHS\OzonTask\LeetCodePraphTast1161.csproj", "{F6CBBA94-E4A4-442D-B039-06903D8B2A74}"
EndProject
Project("{9A19103F-16F7-4668-BE54-9A1E7A4F7556}") = "OzonGraphTask", "CSHARP_LEARNING\GRAPHS\OzonGraphTask\OzonGraphTask.csproj", "{A789BD58-FFDC-4D4C-B63D-D45832C7B471}"
EndProject
Project("{9A19103F-16F7-4668-BE54-9A1E7A4F7556}") = "CloneGraph133", "CSHARP_LEARNING\GRAPHS\CloneGraph133\CloneGraph133.csproj", "{99491301-87BE-4E49-AFE7-403E2CFB028B}"
EndProject
Project("{9A19103F-16F7-4668-BE54-9A1E7A4F7556}") = "PayingSumOzon", "CSHARP_LEARNING\Algorithms\PayingSumOzon\PayingSumOzon.csproj", "{0BFA67B8-AA82-44DD-94B9-26C0D0CC4651}"
EndProject
Project("{9A19103F-16F7-4668-BE54-9A1E7A4F7556}") = "SelectionSort", "CSHARP_LEARNING\Algorithms\SelectionSort\SelectionSort.csproj", "{3C91C32C-6D4B-419E-B9AE-63B7DCBE7A54}"
EndProject
Project("{9A19103F-16F7-4668-BE54-9A1E7A4F7556}") = "BubblleSort", "CSHARP_LEARNING\Algorithms\BubblleSort\BubblleSort.csproj", "{99A4C863-8765-4BDA-B83E-37E7BFA313EB}"
EndProject
Project("{9A19103F-16F7-4668-BE54-9A1E7A4F7556}") = "Recursy", "CSHARP_LEARNING\Algorithms\Recursy\Recursy.csproj", "{D051463D-F1E1-4834-9618-E04D9135BBFA}"
EndProject
Project("{9A19103F-16F7-4668-BE54-9A1E7A4F7556}") = "QSort", "CSHARP_LEARNING\Algorithms\QSort\QSort.csproj", "{7CE54AC1-71CC-4F23-BF45-A65D4D9E6758}"
EndProject
Project("{9A19103F-16F7-4668-BE54-9A1E7A4F7556}") = "SortedListQsort", "CSHARP_LEARNING\Algorithms\SortedListQsort\SortedListQsort.csproj", "{44E10B0A-FC4B-45E4-B782-B3ACD6E27CCB}"
EndProject
Project("{2150E333-8FDC-42A3-9474-1A3956D46DE8}") = "ThreadTasks", "ThreadTasks", "{ADB15A9D-3DE9-4DE3-99B1-C02C11583C66}"
EndProject
Project("{9A19103F-16F7-4668-BE54-9A1E7A4F7556}") = "PitersansMethod", "CSHARP_LEARNING\ThreadTasks\PitersansMethod\PitersansMethod.csproj", "{23021F00-CD58-4B7E-B16A-21F55D8F4240}"
EndProject
Project("{9A19103F-16F7-4668-BE54-9A1E7A4F7556}") = "SymmetricTree", "CSHARP_LEARNING\Algorithms\SymmetricTree\SymmetricTree.csproj", "{6DFE0715-3369-4F28-B579-233FFB24EE07}"
EndProject
Project("{9A19103F-16F7-4668-BE54-9A1E7A4F7556}") = "FindPartOfSumInArray", "CSHARP_LEARNING\Algorithms\FindPartOfSumInArray\FindPartOfSumInArray.csproj", "{ABEB1969-CEB2-43BB-BD34-6B813145F277}"
EndProject
Project("{9A19103F-16F7-4668-BE54-9A1E7A4F7556}") = "ArrayMover", "CSHARP_LEARNING\Algorithms\ArrayMover\ArrayMover.csproj", "{E0224E0D-B10B-40F8-A212-DE2CC492DB96}"
EndProject
Project("{9A19103F-16F7-4668-BE54-9A1E7A4F7556}") = "LinkedListRotating", "CSHARP_LEARNING\Algorithms\LinkedListRotating\LinkedListRotating.csproj", "{C8556692-63C6-4C7B-B4A4-473020D7C5FF}"
EndProject
Project("{2150E333-8FDC-42A3-9474-1A3956D46DE8}") = "UnitTesting", "UnitTesting", "{473184F1-8E98-47EA-B2FF-6E957C1652D1}"
EndProject
Project("{9A19103F-16F7-4668-BE54-9A1E7A4F7556}") = "TestingUnitTests", "CSHARP_LEARNING\UnitTests\TestingUnitTests\TestingUnitTests.csproj", "{09BE82B7-59C5-48B4-8700-A350D16844BA}"
EndProject
Project("{9A19103F-16F7-4668-BE54-9A1E7A4F7556}") = "TestingUnitTests.Tests", "CSHARP_LEARNING\UnitTests\TestingUnitTests.Tests\TestingUnitTests.Tests.csproj", "{A567482C-B829-45CD-BE2D-F34E577C7C56}"
EndProject
Project("{9A19103F-16F7-4668-BE54-9A1E7A4F7556}") = "_05_change_fields_in_boxed_value_type_with_interface", "CSHARP_LEARNING\CLR_VIA_CSHARP\_05_primitive_reference_and_value_types\_05_change_fields_in_boxed_value_type_with_interface\_05_change_fields_in_boxed_value_type_with_interface.csproj", "{6B1B6B03-2466-4666-B40B-5853AF243B69}"
EndProject
Project("{9A19103F-16F7-4668-BE54-9A1E7A4F7556}") = "_06_equals_hashcode_ovveriding", "CSHARP_LEARNING\CLR_VIA_CSHARP\_05_primitive_reference_and_value_types\_05_change_fields_in_boxed_value_type_with_interface_\_06_equals_hashcode_ovveriding.csproj", "{1C185C71-C729-4B44-B0CF-62BB18541480}"
EndProject
Project("{9A19103F-16F7-4668-BE54-9A1E7A4F7556}") = "_07_dynamic", "CSHARP_LEARNING\CLR_VIA_CSHARP\_05_primitive_reference_and_value_types\_07_dynamic\_07_dynamic.csproj", "{D8F34A84-1313-4742-BE56-973DDCFBCA89}"
EndProject
Project("{2150E333-8FDC-42A3-9474-1A3956D46DE8}") = "_06_type_parts", "_06_type_parts", "{E4390C04-192F-473F-A272-E60686E5AC60}"
EndProject
Project("{FAE04EC0-301F-11D3-BF4B-00C04F79EFBC}") = "_01_virtual_ovveride_new", "CSHARP_LEARNING\CLR_VIA_CSHARP\_06_type_parts\_01_virtual_ovveride_new\_01_virtual_ovveride_new.csproj", "{E1B5D202-4D0B-4905-B350-D13489879462}"
EndProject
Project("{2150E333-8FDC-42A3-9474-1A3956D46DE8}") = "_07_fields_constants", "_07_fields_constants", "{3CB0F8E7-4164-404C-833A-77FCB21BBF3F}"
EndProject
Project("{FAE04EC0-301F-11D3-BF4B-00C04F79EFBC}") = "_01_constants", "CSHARP_LEARNING\CLR_VIA_CSHARP\_07_fields_constants\_01_constants\_01_constants.csproj", "{30E100E5-4A0D-4FFD-8CCE-8A8F02749342}"
EndProject
Global
	GlobalSection(SolutionConfigurationPlatforms) = preSolution
		Debug|Any CPU = Debug|Any CPU
		Release|Any CPU = Release|Any CPU
	EndGlobalSection
	GlobalSection(ProjectConfigurationPlatforms) = postSolution
		{5822CC71-2C9B-4D72-9637-76CA2F1E2082}.Debug|Any CPU.ActiveCfg = Debug|Any CPU
		{5822CC71-2C9B-4D72-9637-76CA2F1E2082}.Debug|Any CPU.Build.0 = Debug|Any CPU
		{5822CC71-2C9B-4D72-9637-76CA2F1E2082}.Release|Any CPU.ActiveCfg = Release|Any CPU
		{5822CC71-2C9B-4D72-9637-76CA2F1E2082}.Release|Any CPU.Build.0 = Release|Any CPU
		{3E57F413-0FE5-4A32-9E5D-0641E8B5A1FB}.Debug|Any CPU.ActiveCfg = Debug|Any CPU
		{3E57F413-0FE5-4A32-9E5D-0641E8B5A1FB}.Debug|Any CPU.Build.0 = Debug|Any CPU
		{3E57F413-0FE5-4A32-9E5D-0641E8B5A1FB}.Release|Any CPU.ActiveCfg = Release|Any CPU
		{3E57F413-0FE5-4A32-9E5D-0641E8B5A1FB}.Release|Any CPU.Build.0 = Release|Any CPU
		{647EE506-2B17-412A-8839-40FDB2AD9DE3}.Debug|Any CPU.ActiveCfg = Debug|Any CPU
		{647EE506-2B17-412A-8839-40FDB2AD9DE3}.Debug|Any CPU.Build.0 = Debug|Any CPU
		{647EE506-2B17-412A-8839-40FDB2AD9DE3}.Release|Any CPU.ActiveCfg = Release|Any CPU
		{647EE506-2B17-412A-8839-40FDB2AD9DE3}.Release|Any CPU.Build.0 = Release|Any CPU
		{643001DC-8607-4582-824D-61C96653D866}.Debug|Any CPU.ActiveCfg = Debug|Any CPU
		{643001DC-8607-4582-824D-61C96653D866}.Debug|Any CPU.Build.0 = Debug|Any CPU
		{643001DC-8607-4582-824D-61C96653D866}.Release|Any CPU.ActiveCfg = Release|Any CPU
		{643001DC-8607-4582-824D-61C96653D866}.Release|Any CPU.Build.0 = Release|Any CPU
		{B60973AA-7F9D-4D96-A90C-52F6EFF2368D}.Debug|Any CPU.ActiveCfg = Debug|Any CPU
		{B60973AA-7F9D-4D96-A90C-52F6EFF2368D}.Debug|Any CPU.Build.0 = Debug|Any CPU
		{B60973AA-7F9D-4D96-A90C-52F6EFF2368D}.Release|Any CPU.ActiveCfg = Release|Any CPU
		{B60973AA-7F9D-4D96-A90C-52F6EFF2368D}.Release|Any CPU.Build.0 = Release|Any CPU
		{378E4DF9-A594-41D6-9C2B-18A5EB9EB3B4}.Debug|Any CPU.ActiveCfg = Debug|Any CPU
		{378E4DF9-A594-41D6-9C2B-18A5EB9EB3B4}.Debug|Any CPU.Build.0 = Debug|Any CPU
		{378E4DF9-A594-41D6-9C2B-18A5EB9EB3B4}.Release|Any CPU.ActiveCfg = Release|Any CPU
		{378E4DF9-A594-41D6-9C2B-18A5EB9EB3B4}.Release|Any CPU.Build.0 = Release|Any CPU
		{2909977A-6ACE-4DB4-9808-C3E365C4B153}.Debug|Any CPU.ActiveCfg = Debug|Any CPU
		{2909977A-6ACE-4DB4-9808-C3E365C4B153}.Debug|Any CPU.Build.0 = Debug|Any CPU
		{2909977A-6ACE-4DB4-9808-C3E365C4B153}.Release|Any CPU.ActiveCfg = Release|Any CPU
		{2909977A-6ACE-4DB4-9808-C3E365C4B153}.Release|Any CPU.Build.0 = Release|Any CPU
		{07855F41-D536-485D-8E9E-553B7D86B606}.Debug|Any CPU.ActiveCfg = Debug|Any CPU
		{07855F41-D536-485D-8E9E-553B7D86B606}.Debug|Any CPU.Build.0 = Debug|Any CPU
		{07855F41-D536-485D-8E9E-553B7D86B606}.Release|Any CPU.ActiveCfg = Release|Any CPU
		{07855F41-D536-485D-8E9E-553B7D86B606}.Release|Any CPU.Build.0 = Release|Any CPU
		{987B8F1E-D4A6-47CF-980F-188278D55CE4}.Debug|Any CPU.ActiveCfg = Debug|Any CPU
		{987B8F1E-D4A6-47CF-980F-188278D55CE4}.Debug|Any CPU.Build.0 = Debug|Any CPU
		{987B8F1E-D4A6-47CF-980F-188278D55CE4}.Release|Any CPU.ActiveCfg = Release|Any CPU
		{987B8F1E-D4A6-47CF-980F-188278D55CE4}.Release|Any CPU.Build.0 = Release|Any CPU
		{FB0C49C2-77FD-4D89-8F21-9D6ECA2C3175}.Debug|Any CPU.ActiveCfg = Debug|Any CPU
		{FB0C49C2-77FD-4D89-8F21-9D6ECA2C3175}.Debug|Any CPU.Build.0 = Debug|Any CPU
		{FB0C49C2-77FD-4D89-8F21-9D6ECA2C3175}.Release|Any CPU.ActiveCfg = Release|Any CPU
		{FB0C49C2-77FD-4D89-8F21-9D6ECA2C3175}.Release|Any CPU.Build.0 = Release|Any CPU
		{46826BC1-1A9A-4DF7-A17A-A9ED7C651FA3}.Debug|Any CPU.ActiveCfg = Debug|Any CPU
		{46826BC1-1A9A-4DF7-A17A-A9ED7C651FA3}.Debug|Any CPU.Build.0 = Debug|Any CPU
		{46826BC1-1A9A-4DF7-A17A-A9ED7C651FA3}.Release|Any CPU.ActiveCfg = Release|Any CPU
		{46826BC1-1A9A-4DF7-A17A-A9ED7C651FA3}.Release|Any CPU.Build.0 = Release|Any CPU
		{A8496DA3-B5B5-4877-8BC0-72AAEC7DB05E}.Debug|Any CPU.ActiveCfg = Debug|Any CPU
		{A8496DA3-B5B5-4877-8BC0-72AAEC7DB05E}.Debug|Any CPU.Build.0 = Debug|Any CPU
		{A8496DA3-B5B5-4877-8BC0-72AAEC7DB05E}.Release|Any CPU.ActiveCfg = Release|Any CPU
		{A8496DA3-B5B5-4877-8BC0-72AAEC7DB05E}.Release|Any CPU.Build.0 = Release|Any CPU
		{A2364905-EBCB-482D-8726-67982B63EEA2}.Debug|Any CPU.ActiveCfg = Debug|Any CPU
		{A2364905-EBCB-482D-8726-67982B63EEA2}.Debug|Any CPU.Build.0 = Debug|Any CPU
		{A2364905-EBCB-482D-8726-67982B63EEA2}.Release|Any CPU.ActiveCfg = Release|Any CPU
		{A2364905-EBCB-482D-8726-67982B63EEA2}.Release|Any CPU.Build.0 = Release|Any CPU
		{79494E3A-9747-4E7F-A0C4-FC99B18BE64B}.Debug|Any CPU.ActiveCfg = Debug|Any CPU
		{79494E3A-9747-4E7F-A0C4-FC99B18BE64B}.Debug|Any CPU.Build.0 = Debug|Any CPU
		{79494E3A-9747-4E7F-A0C4-FC99B18BE64B}.Release|Any CPU.ActiveCfg = Release|Any CPU
		{79494E3A-9747-4E7F-A0C4-FC99B18BE64B}.Release|Any CPU.Build.0 = Release|Any CPU
		{9023ACA1-CF97-4BB7-9ED7-05757CF2C307}.Debug|Any CPU.ActiveCfg = Debug|Any CPU
		{9023ACA1-CF97-4BB7-9ED7-05757CF2C307}.Debug|Any CPU.Build.0 = Debug|Any CPU
		{9023ACA1-CF97-4BB7-9ED7-05757CF2C307}.Release|Any CPU.ActiveCfg = Release|Any CPU
		{9023ACA1-CF97-4BB7-9ED7-05757CF2C307}.Release|Any CPU.Build.0 = Release|Any CPU
		{5C3FA579-D969-4378-87C9-62343E7299EF}.Debug|Any CPU.ActiveCfg = Debug|Any CPU
		{5C3FA579-D969-4378-87C9-62343E7299EF}.Debug|Any CPU.Build.0 = Debug|Any CPU
		{5C3FA579-D969-4378-87C9-62343E7299EF}.Release|Any CPU.ActiveCfg = Release|Any CPU
		{5C3FA579-D969-4378-87C9-62343E7299EF}.Release|Any CPU.Build.0 = Release|Any CPU
		{7197D90C-E4E2-4410-A06A-54B73D41DEA3}.Debug|Any CPU.ActiveCfg = Debug|Any CPU
		{7197D90C-E4E2-4410-A06A-54B73D41DEA3}.Debug|Any CPU.Build.0 = Debug|Any CPU
		{7197D90C-E4E2-4410-A06A-54B73D41DEA3}.Release|Any CPU.ActiveCfg = Release|Any CPU
		{7197D90C-E4E2-4410-A06A-54B73D41DEA3}.Release|Any CPU.Build.0 = Release|Any CPU
		{EE74DB35-3554-42ED-BA57-32E741820D0D}.Debug|Any CPU.ActiveCfg = Debug|Any CPU
		{EE74DB35-3554-42ED-BA57-32E741820D0D}.Debug|Any CPU.Build.0 = Debug|Any CPU
		{EE74DB35-3554-42ED-BA57-32E741820D0D}.Release|Any CPU.ActiveCfg = Release|Any CPU
		{EE74DB35-3554-42ED-BA57-32E741820D0D}.Release|Any CPU.Build.0 = Release|Any CPU
		{D32D2D50-8813-4F46-9EC8-85180CF8B617}.Debug|Any CPU.ActiveCfg = Debug|Any CPU
		{D32D2D50-8813-4F46-9EC8-85180CF8B617}.Debug|Any CPU.Build.0 = Debug|Any CPU
		{D32D2D50-8813-4F46-9EC8-85180CF8B617}.Release|Any CPU.ActiveCfg = Release|Any CPU
		{D32D2D50-8813-4F46-9EC8-85180CF8B617}.Release|Any CPU.Build.0 = Release|Any CPU
		{E341C02C-C036-4AEF-8EE5-E563F65F8170}.Debug|Any CPU.ActiveCfg = Debug|Any CPU
		{E341C02C-C036-4AEF-8EE5-E563F65F8170}.Debug|Any CPU.Build.0 = Debug|Any CPU
		{E341C02C-C036-4AEF-8EE5-E563F65F8170}.Release|Any CPU.ActiveCfg = Release|Any CPU
		{E341C02C-C036-4AEF-8EE5-E563F65F8170}.Release|Any CPU.Build.0 = Release|Any CPU
		{FF9F06F7-52FC-4321-8E26-520B8CDA8B3E}.Debug|Any CPU.ActiveCfg = Debug|Any CPU
		{FF9F06F7-52FC-4321-8E26-520B8CDA8B3E}.Debug|Any CPU.Build.0 = Debug|Any CPU
		{FF9F06F7-52FC-4321-8E26-520B8CDA8B3E}.Release|Any CPU.ActiveCfg = Release|Any CPU
		{FF9F06F7-52FC-4321-8E26-520B8CDA8B3E}.Release|Any CPU.Build.0 = Release|Any CPU
		{D774934F-D3C1-478F-86CE-8A91927CCA6B}.Debug|Any CPU.ActiveCfg = Debug|Any CPU
		{D774934F-D3C1-478F-86CE-8A91927CCA6B}.Debug|Any CPU.Build.0 = Debug|Any CPU
		{D774934F-D3C1-478F-86CE-8A91927CCA6B}.Release|Any CPU.ActiveCfg = Release|Any CPU
		{D774934F-D3C1-478F-86CE-8A91927CCA6B}.Release|Any CPU.Build.0 = Release|Any CPU
		{F035FE2B-E23B-4F23-ADB2-2CD41203F9B3}.Debug|Any CPU.ActiveCfg = Debug|Any CPU
		{F035FE2B-E23B-4F23-ADB2-2CD41203F9B3}.Debug|Any CPU.Build.0 = Debug|Any CPU
		{F035FE2B-E23B-4F23-ADB2-2CD41203F9B3}.Release|Any CPU.ActiveCfg = Release|Any CPU
		{F035FE2B-E23B-4F23-ADB2-2CD41203F9B3}.Release|Any CPU.Build.0 = Release|Any CPU
		{CBF045F6-A0F6-4F08-92C2-D967A27753CA}.Debug|Any CPU.ActiveCfg = Debug|Any CPU
		{CBF045F6-A0F6-4F08-92C2-D967A27753CA}.Debug|Any CPU.Build.0 = Debug|Any CPU
		{CBF045F6-A0F6-4F08-92C2-D967A27753CA}.Release|Any CPU.ActiveCfg = Release|Any CPU
		{CBF045F6-A0F6-4F08-92C2-D967A27753CA}.Release|Any CPU.Build.0 = Release|Any CPU
		{2DF51D6B-D9F1-45EF-AA00-9AD0BEB61E94}.Debug|Any CPU.ActiveCfg = Debug|Any CPU
		{2DF51D6B-D9F1-45EF-AA00-9AD0BEB61E94}.Debug|Any CPU.Build.0 = Debug|Any CPU
		{2DF51D6B-D9F1-45EF-AA00-9AD0BEB61E94}.Release|Any CPU.ActiveCfg = Release|Any CPU
		{2DF51D6B-D9F1-45EF-AA00-9AD0BEB61E94}.Release|Any CPU.Build.0 = Release|Any CPU
		{1796EBA4-EA3E-458B-8D59-C892CC879B24}.Debug|Any CPU.ActiveCfg = Debug|Any CPU
		{1796EBA4-EA3E-458B-8D59-C892CC879B24}.Debug|Any CPU.Build.0 = Debug|Any CPU
		{1796EBA4-EA3E-458B-8D59-C892CC879B24}.Release|Any CPU.ActiveCfg = Release|Any CPU
		{1796EBA4-EA3E-458B-8D59-C892CC879B24}.Release|Any CPU.Build.0 = Release|Any CPU
		{BDE97F33-54FF-490C-B605-1068C5134339}.Debug|Any CPU.ActiveCfg = Debug|Any CPU
		{BDE97F33-54FF-490C-B605-1068C5134339}.Debug|Any CPU.Build.0 = Debug|Any CPU
		{BDE97F33-54FF-490C-B605-1068C5134339}.Release|Any CPU.ActiveCfg = Release|Any CPU
		{BDE97F33-54FF-490C-B605-1068C5134339}.Release|Any CPU.Build.0 = Release|Any CPU
		{A4EAFA03-0999-4AFE-AC0F-43304A9F85C1}.Debug|Any CPU.ActiveCfg = Debug|Any CPU
		{A4EAFA03-0999-4AFE-AC0F-43304A9F85C1}.Debug|Any CPU.Build.0 = Debug|Any CPU
		{A4EAFA03-0999-4AFE-AC0F-43304A9F85C1}.Release|Any CPU.ActiveCfg = Release|Any CPU
		{A4EAFA03-0999-4AFE-AC0F-43304A9F85C1}.Release|Any CPU.Build.0 = Release|Any CPU
		{6A51C110-6907-4107-812D-465346C87A5E}.Debug|Any CPU.ActiveCfg = Debug|Any CPU
		{6A51C110-6907-4107-812D-465346C87A5E}.Debug|Any CPU.Build.0 = Debug|Any CPU
		{6A51C110-6907-4107-812D-465346C87A5E}.Release|Any CPU.ActiveCfg = Release|Any CPU
		{6A51C110-6907-4107-812D-465346C87A5E}.Release|Any CPU.Build.0 = Release|Any CPU
		{4BA5BDD1-EDB4-4C7B-9CB8-0CA0D8ABE79B}.Debug|Any CPU.ActiveCfg = Debug|Any CPU
		{4BA5BDD1-EDB4-4C7B-9CB8-0CA0D8ABE79B}.Debug|Any CPU.Build.0 = Debug|Any CPU
		{4BA5BDD1-EDB4-4C7B-9CB8-0CA0D8ABE79B}.Release|Any CPU.ActiveCfg = Release|Any CPU
		{4BA5BDD1-EDB4-4C7B-9CB8-0CA0D8ABE79B}.Release|Any CPU.Build.0 = Release|Any CPU
		{3E3A4515-8043-40E8-95D3-73FE2A796C2A}.Debug|Any CPU.ActiveCfg = Debug|Any CPU
		{3E3A4515-8043-40E8-95D3-73FE2A796C2A}.Debug|Any CPU.Build.0 = Debug|Any CPU
		{3E3A4515-8043-40E8-95D3-73FE2A796C2A}.Release|Any CPU.ActiveCfg = Release|Any CPU
		{3E3A4515-8043-40E8-95D3-73FE2A796C2A}.Release|Any CPU.Build.0 = Release|Any CPU
		{83C71D5F-2FA2-409A-8113-7892204082E3}.Debug|Any CPU.ActiveCfg = Debug|Any CPU
		{83C71D5F-2FA2-409A-8113-7892204082E3}.Debug|Any CPU.Build.0 = Debug|Any CPU
		{83C71D5F-2FA2-409A-8113-7892204082E3}.Release|Any CPU.ActiveCfg = Release|Any CPU
		{83C71D5F-2FA2-409A-8113-7892204082E3}.Release|Any CPU.Build.0 = Release|Any CPU
		{5BF7D4A3-E0E2-43CE-99E4-0FE8391AD687}.Debug|Any CPU.ActiveCfg = Debug|Any CPU
		{5BF7D4A3-E0E2-43CE-99E4-0FE8391AD687}.Debug|Any CPU.Build.0 = Debug|Any CPU
		{5BF7D4A3-E0E2-43CE-99E4-0FE8391AD687}.Release|Any CPU.ActiveCfg = Release|Any CPU
		{5BF7D4A3-E0E2-43CE-99E4-0FE8391AD687}.Release|Any CPU.Build.0 = Release|Any CPU
		{A6896A09-0ED7-4AF8-9F4C-F6DC8FD4C5F6}.Debug|Any CPU.ActiveCfg = Debug|Any CPU
		{A6896A09-0ED7-4AF8-9F4C-F6DC8FD4C5F6}.Debug|Any CPU.Build.0 = Debug|Any CPU
		{A6896A09-0ED7-4AF8-9F4C-F6DC8FD4C5F6}.Release|Any CPU.ActiveCfg = Release|Any CPU
		{A6896A09-0ED7-4AF8-9F4C-F6DC8FD4C5F6}.Release|Any CPU.Build.0 = Release|Any CPU
		{F5314E7A-F6C7-44B2-ABA0-D1092CF03798}.Debug|Any CPU.ActiveCfg = Debug|Any CPU
		{F5314E7A-F6C7-44B2-ABA0-D1092CF03798}.Debug|Any CPU.Build.0 = Debug|Any CPU
		{F5314E7A-F6C7-44B2-ABA0-D1092CF03798}.Release|Any CPU.ActiveCfg = Release|Any CPU
		{F5314E7A-F6C7-44B2-ABA0-D1092CF03798}.Release|Any CPU.Build.0 = Release|Any CPU
		{714AF4E0-AA42-4324-8A08-3EBB00C31666}.Debug|Any CPU.ActiveCfg = Debug|Any CPU
		{714AF4E0-AA42-4324-8A08-3EBB00C31666}.Debug|Any CPU.Build.0 = Debug|Any CPU
		{714AF4E0-AA42-4324-8A08-3EBB00C31666}.Release|Any CPU.ActiveCfg = Release|Any CPU
		{714AF4E0-AA42-4324-8A08-3EBB00C31666}.Release|Any CPU.Build.0 = Release|Any CPU
		{F6CBBA94-E4A4-442D-B039-06903D8B2A74}.Debug|Any CPU.ActiveCfg = Debug|Any CPU
		{F6CBBA94-E4A4-442D-B039-06903D8B2A74}.Debug|Any CPU.Build.0 = Debug|Any CPU
		{F6CBBA94-E4A4-442D-B039-06903D8B2A74}.Release|Any CPU.ActiveCfg = Release|Any CPU
		{F6CBBA94-E4A4-442D-B039-06903D8B2A74}.Release|Any CPU.Build.0 = Release|Any CPU
		{A789BD58-FFDC-4D4C-B63D-D45832C7B471}.Debug|Any CPU.ActiveCfg = Debug|Any CPU
		{A789BD58-FFDC-4D4C-B63D-D45832C7B471}.Debug|Any CPU.Build.0 = Debug|Any CPU
		{A789BD58-FFDC-4D4C-B63D-D45832C7B471}.Release|Any CPU.ActiveCfg = Release|Any CPU
		{A789BD58-FFDC-4D4C-B63D-D45832C7B471}.Release|Any CPU.Build.0 = Release|Any CPU
		{99491301-87BE-4E49-AFE7-403E2CFB028B}.Debug|Any CPU.ActiveCfg = Debug|Any CPU
		{99491301-87BE-4E49-AFE7-403E2CFB028B}.Debug|Any CPU.Build.0 = Debug|Any CPU
		{99491301-87BE-4E49-AFE7-403E2CFB028B}.Release|Any CPU.ActiveCfg = Release|Any CPU
		{99491301-87BE-4E49-AFE7-403E2CFB028B}.Release|Any CPU.Build.0 = Release|Any CPU
		{0BFA67B8-AA82-44DD-94B9-26C0D0CC4651}.Debug|Any CPU.ActiveCfg = Debug|Any CPU
		{0BFA67B8-AA82-44DD-94B9-26C0D0CC4651}.Debug|Any CPU.Build.0 = Debug|Any CPU
		{0BFA67B8-AA82-44DD-94B9-26C0D0CC4651}.Release|Any CPU.ActiveCfg = Release|Any CPU
		{0BFA67B8-AA82-44DD-94B9-26C0D0CC4651}.Release|Any CPU.Build.0 = Release|Any CPU
		{3C91C32C-6D4B-419E-B9AE-63B7DCBE7A54}.Debug|Any CPU.ActiveCfg = Debug|Any CPU
		{3C91C32C-6D4B-419E-B9AE-63B7DCBE7A54}.Debug|Any CPU.Build.0 = Debug|Any CPU
		{3C91C32C-6D4B-419E-B9AE-63B7DCBE7A54}.Release|Any CPU.ActiveCfg = Release|Any CPU
		{3C91C32C-6D4B-419E-B9AE-63B7DCBE7A54}.Release|Any CPU.Build.0 = Release|Any CPU
		{99A4C863-8765-4BDA-B83E-37E7BFA313EB}.Debug|Any CPU.ActiveCfg = Debug|Any CPU
		{99A4C863-8765-4BDA-B83E-37E7BFA313EB}.Debug|Any CPU.Build.0 = Debug|Any CPU
		{99A4C863-8765-4BDA-B83E-37E7BFA313EB}.Release|Any CPU.ActiveCfg = Release|Any CPU
		{99A4C863-8765-4BDA-B83E-37E7BFA313EB}.Release|Any CPU.Build.0 = Release|Any CPU
		{D051463D-F1E1-4834-9618-E04D9135BBFA}.Debug|Any CPU.ActiveCfg = Debug|Any CPU
		{D051463D-F1E1-4834-9618-E04D9135BBFA}.Debug|Any CPU.Build.0 = Debug|Any CPU
		{D051463D-F1E1-4834-9618-E04D9135BBFA}.Release|Any CPU.ActiveCfg = Release|Any CPU
		{D051463D-F1E1-4834-9618-E04D9135BBFA}.Release|Any CPU.Build.0 = Release|Any CPU
		{7CE54AC1-71CC-4F23-BF45-A65D4D9E6758}.Debug|Any CPU.ActiveCfg = Debug|Any CPU
		{7CE54AC1-71CC-4F23-BF45-A65D4D9E6758}.Debug|Any CPU.Build.0 = Debug|Any CPU
		{7CE54AC1-71CC-4F23-BF45-A65D4D9E6758}.Release|Any CPU.ActiveCfg = Release|Any CPU
		{7CE54AC1-71CC-4F23-BF45-A65D4D9E6758}.Release|Any CPU.Build.0 = Release|Any CPU
		{44E10B0A-FC4B-45E4-B782-B3ACD6E27CCB}.Debug|Any CPU.ActiveCfg = Debug|Any CPU
		{44E10B0A-FC4B-45E4-B782-B3ACD6E27CCB}.Debug|Any CPU.Build.0 = Debug|Any CPU
		{44E10B0A-FC4B-45E4-B782-B3ACD6E27CCB}.Release|Any CPU.ActiveCfg = Release|Any CPU
		{44E10B0A-FC4B-45E4-B782-B3ACD6E27CCB}.Release|Any CPU.Build.0 = Release|Any CPU
		{23021F00-CD58-4B7E-B16A-21F55D8F4240}.Debug|Any CPU.ActiveCfg = Debug|Any CPU
		{23021F00-CD58-4B7E-B16A-21F55D8F4240}.Debug|Any CPU.Build.0 = Debug|Any CPU
		{23021F00-CD58-4B7E-B16A-21F55D8F4240}.Release|Any CPU.ActiveCfg = Release|Any CPU
		{23021F00-CD58-4B7E-B16A-21F55D8F4240}.Release|Any CPU.Build.0 = Release|Any CPU
		{6DFE0715-3369-4F28-B579-233FFB24EE07}.Debug|Any CPU.ActiveCfg = Debug|Any CPU
		{6DFE0715-3369-4F28-B579-233FFB24EE07}.Debug|Any CPU.Build.0 = Debug|Any CPU
		{6DFE0715-3369-4F28-B579-233FFB24EE07}.Release|Any CPU.ActiveCfg = Release|Any CPU
		{6DFE0715-3369-4F28-B579-233FFB24EE07}.Release|Any CPU.Build.0 = Release|Any CPU
		{ABEB1969-CEB2-43BB-BD34-6B813145F277}.Debug|Any CPU.ActiveCfg = Debug|Any CPU
		{ABEB1969-CEB2-43BB-BD34-6B813145F277}.Debug|Any CPU.Build.0 = Debug|Any CPU
		{ABEB1969-CEB2-43BB-BD34-6B813145F277}.Release|Any CPU.ActiveCfg = Release|Any CPU
		{ABEB1969-CEB2-43BB-BD34-6B813145F277}.Release|Any CPU.Build.0 = Release|Any CPU
		{E0224E0D-B10B-40F8-A212-DE2CC492DB96}.Debug|Any CPU.ActiveCfg = Debug|Any CPU
		{E0224E0D-B10B-40F8-A212-DE2CC492DB96}.Debug|Any CPU.Build.0 = Debug|Any CPU
		{E0224E0D-B10B-40F8-A212-DE2CC492DB96}.Release|Any CPU.ActiveCfg = Release|Any CPU
		{E0224E0D-B10B-40F8-A212-DE2CC492DB96}.Release|Any CPU.Build.0 = Release|Any CPU
		{C8556692-63C6-4C7B-B4A4-473020D7C5FF}.Debug|Any CPU.ActiveCfg = Debug|Any CPU
		{C8556692-63C6-4C7B-B4A4-473020D7C5FF}.Debug|Any CPU.Build.0 = Debug|Any CPU
		{C8556692-63C6-4C7B-B4A4-473020D7C5FF}.Release|Any CPU.ActiveCfg = Release|Any CPU
		{C8556692-63C6-4C7B-B4A4-473020D7C5FF}.Release|Any CPU.Build.0 = Release|Any CPU
		{09BE82B7-59C5-48B4-8700-A350D16844BA}.Debug|Any CPU.ActiveCfg = Debug|Any CPU
		{09BE82B7-59C5-48B4-8700-A350D16844BA}.Debug|Any CPU.Build.0 = Debug|Any CPU
		{09BE82B7-59C5-48B4-8700-A350D16844BA}.Release|Any CPU.ActiveCfg = Release|Any CPU
		{09BE82B7-59C5-48B4-8700-A350D16844BA}.Release|Any CPU.Build.0 = Release|Any CPU
		{A567482C-B829-45CD-BE2D-F34E577C7C56}.Debug|Any CPU.ActiveCfg = Debug|Any CPU
		{A567482C-B829-45CD-BE2D-F34E577C7C56}.Debug|Any CPU.Build.0 = Debug|Any CPU
		{A567482C-B829-45CD-BE2D-F34E577C7C56}.Release|Any CPU.ActiveCfg = Release|Any CPU
		{A567482C-B829-45CD-BE2D-F34E577C7C56}.Release|Any CPU.Build.0 = Release|Any CPU
		{6B1B6B03-2466-4666-B40B-5853AF243B69}.Debug|Any CPU.ActiveCfg = Debug|Any CPU
		{6B1B6B03-2466-4666-B40B-5853AF243B69}.Debug|Any CPU.Build.0 = Debug|Any CPU
		{6B1B6B03-2466-4666-B40B-5853AF243B69}.Release|Any CPU.ActiveCfg = Release|Any CPU
		{6B1B6B03-2466-4666-B40B-5853AF243B69}.Release|Any CPU.Build.0 = Release|Any CPU
		{1C185C71-C729-4B44-B0CF-62BB18541480}.Debug|Any CPU.ActiveCfg = Debug|Any CPU
		{1C185C71-C729-4B44-B0CF-62BB18541480}.Debug|Any CPU.Build.0 = Debug|Any CPU
		{1C185C71-C729-4B44-B0CF-62BB18541480}.Release|Any CPU.ActiveCfg = Release|Any CPU
		{1C185C71-C729-4B44-B0CF-62BB18541480}.Release|Any CPU.Build.0 = Release|Any CPU
		{D8F34A84-1313-4742-BE56-973DDCFBCA89}.Debug|Any CPU.ActiveCfg = Debug|Any CPU
		{D8F34A84-1313-4742-BE56-973DDCFBCA89}.Debug|Any CPU.Build.0 = Debug|Any CPU
		{D8F34A84-1313-4742-BE56-973DDCFBCA89}.Release|Any CPU.ActiveCfg = Release|Any CPU
		{D8F34A84-1313-4742-BE56-973DDCFBCA89}.Release|Any CPU.Build.0 = Release|Any CPU
		{E1B5D202-4D0B-4905-B350-D13489879462}.Debug|Any CPU.ActiveCfg = Debug|Any CPU
		{E1B5D202-4D0B-4905-B350-D13489879462}.Debug|Any CPU.Build.0 = Debug|Any CPU
		{E1B5D202-4D0B-4905-B350-D13489879462}.Release|Any CPU.ActiveCfg = Release|Any CPU
		{E1B5D202-4D0B-4905-B350-D13489879462}.Release|Any CPU.Build.0 = Release|Any CPU
		{30E100E5-4A0D-4FFD-8CCE-8A8F02749342}.Debug|Any CPU.ActiveCfg = Debug|Any CPU
		{30E100E5-4A0D-4FFD-8CCE-8A8F02749342}.Debug|Any CPU.Build.0 = Debug|Any CPU
		{30E100E5-4A0D-4FFD-8CCE-8A8F02749342}.Release|Any CPU.ActiveCfg = Release|Any CPU
		{30E100E5-4A0D-4FFD-8CCE-8A8F02749342}.Release|Any CPU.Build.0 = Release|Any CPU
	EndGlobalSection
	GlobalSection(SolutionProperties) = preSolution
		HideSolutionNode = FALSE
	EndGlobalSection
	GlobalSection(NestedProjects) = preSolution
		{7D3BA32D-F652-4EA3-8056-EE771B6EF8BB} = {48DE6CF4-E9CC-493E-9639-0971B6A26A99}
		{34370B17-82F3-47A4-B657-805710D4A1F5} = {48DE6CF4-E9CC-493E-9639-0971B6A26A99}
		{F91AF30C-0A2A-4B17-94C8-A2896ACF5FBB} = {48DE6CF4-E9CC-493E-9639-0971B6A26A99}
		{C0872639-D7BF-4D5E-BC89-6891C8144892} = {48DE6CF4-E9CC-493E-9639-0971B6A26A99}
		{5FBCC499-6EDD-4CA6-9AFC-CCAE7C2E6407} = {7D3BA32D-F652-4EA3-8056-EE771B6EF8BB}
		{B7A73810-BFED-4292-938E-98E511A52FBF} = {7D3BA32D-F652-4EA3-8056-EE771B6EF8BB}
		{63442F2E-CE8F-488F-8EB8-BCBD8DB8724B} = {7D3BA32D-F652-4EA3-8056-EE771B6EF8BB}
		{3405C007-206F-46D5-B0CF-894DAD49E4D6} = {7D3BA32D-F652-4EA3-8056-EE771B6EF8BB}
		{CC7DD5E8-9E97-4972-B88B-41ED4235F7D7} = {7D3BA32D-F652-4EA3-8056-EE771B6EF8BB}
		{93D1DBFE-53B6-4A68-918A-ACD22C90BB4C} = {34370B17-82F3-47A4-B657-805710D4A1F5}
		{B0B7BCBD-B21A-41BF-802E-C74D362DA988} = {34370B17-82F3-47A4-B657-805710D4A1F5}
		{0CA54E56-7DF3-46B2-8EC8-16C587DB6698} = {34370B17-82F3-47A4-B657-805710D4A1F5}
		{5822CC71-2C9B-4D72-9637-76CA2F1E2082} = {F91AF30C-0A2A-4B17-94C8-A2896ACF5FBB}
		{3E57F413-0FE5-4A32-9E5D-0641E8B5A1FB} = {F91AF30C-0A2A-4B17-94C8-A2896ACF5FBB}
		{647EE506-2B17-412A-8839-40FDB2AD9DE3} = {F91AF30C-0A2A-4B17-94C8-A2896ACF5FBB}
		{643001DC-8607-4582-824D-61C96653D866} = {F91AF30C-0A2A-4B17-94C8-A2896ACF5FBB}
		{B60973AA-7F9D-4D96-A90C-52F6EFF2368D} = {F91AF30C-0A2A-4B17-94C8-A2896ACF5FBB}
		{378E4DF9-A594-41D6-9C2B-18A5EB9EB3B4} = {F91AF30C-0A2A-4B17-94C8-A2896ACF5FBB}
		{2909977A-6ACE-4DB4-9808-C3E365C4B153} = {C0872639-D7BF-4D5E-BC89-6891C8144892}
		{07855F41-D536-485D-8E9E-553B7D86B606} = {B374A91C-7C1E-4370-91FA-2847AF4D0D37}
		{987B8F1E-D4A6-47CF-980F-188278D55CE4} = {C0872639-D7BF-4D5E-BC89-6891C8144892}
		{FB0C49C2-77FD-4D89-8F21-9D6ECA2C3175} = {C0872639-D7BF-4D5E-BC89-6891C8144892}
		{46826BC1-1A9A-4DF7-A17A-A9ED7C651FA3} = {C0872639-D7BF-4D5E-BC89-6891C8144892}
		{A8496DA3-B5B5-4877-8BC0-72AAEC7DB05E} = {B374A91C-7C1E-4370-91FA-2847AF4D0D37}
		{A2364905-EBCB-482D-8726-67982B63EEA2} = {2A40CAE5-63B6-4208-857F-E728C6CA0D45}
		{79494E3A-9747-4E7F-A0C4-FC99B18BE64B} = {9B779D4F-2960-43D5-9930-FC2780BADCCD}
		{9B779D4F-2960-43D5-9930-FC2780BADCCD} = {B8B28EF5-7329-4F06-898D-D53F036DA02D}
		{2A40CAE5-63B6-4208-857F-E728C6CA0D45} = {B8B28EF5-7329-4F06-898D-D53F036DA02D}
		{076A59CF-6566-46F4-AF59-0930EDC600F9} = {B8B28EF5-7329-4F06-898D-D53F036DA02D}
		{9023ACA1-CF97-4BB7-9ED7-05757CF2C307} = {076A59CF-6566-46F4-AF59-0930EDC600F9}
		{5C3FA579-D969-4378-87C9-62343E7299EF} = {9B779D4F-2960-43D5-9930-FC2780BADCCD}
		{20C60FD2-AD83-42E5-BAF6-2C0F1D25212B} = {8C03E245-375B-49F8-907E-F9EE676F0C4F}
		{7197D90C-E4E2-4410-A06A-54B73D41DEA3} = {34C51739-514F-4557-B549-6A2D0379F7B7}
		{EE74DB35-3554-42ED-BA57-32E741820D0D} = {34C51739-514F-4557-B549-6A2D0379F7B7}
		{D32D2D50-8813-4F46-9EC8-85180CF8B617} = {DAA3CFCE-54FB-4075-8AB8-DEE391CC67F4}
		{E341C02C-C036-4AEF-8EE5-E563F65F8170} = {DAA3CFCE-54FB-4075-8AB8-DEE391CC67F4}
		{FF9F06F7-52FC-4321-8E26-520B8CDA8B3E} = {DAA3CFCE-54FB-4075-8AB8-DEE391CC67F4}
		{D774934F-D3C1-478F-86CE-8A91927CCA6B} = {AF4BCE08-667E-4284-BCA6-91DB55585941}
		{565CEFDB-5921-43FE-9042-DD7461BF8AE5} = {AF4BCE08-667E-4284-BCA6-91DB55585941}
		{F035FE2B-E23B-4F23-ADB2-2CD41203F9B3} = {FD2C4D64-E452-4481-BDDB-716FCFCC563A}
		{CBF045F6-A0F6-4F08-92C2-D967A27753CA} = {BF945DF9-90BE-407E-82F5-6C766F376E61}
		{2DF51D6B-D9F1-45EF-AA00-9AD0BEB61E94} = {BF945DF9-90BE-407E-82F5-6C766F376E61}
		{1796EBA4-EA3E-458B-8D59-C892CC879B24} = {674D2755-C1FB-4F1A-911C-232DCEEC4EF7}
		{BDE97F33-54FF-490C-B605-1068C5134339} = {B374A91C-7C1E-4370-91FA-2847AF4D0D37}
		{A4EAFA03-0999-4AFE-AC0F-43304A9F85C1} = {BF945DF9-90BE-407E-82F5-6C766F376E61}
		{6A51C110-6907-4107-812D-465346C87A5E} = {BF945DF9-90BE-407E-82F5-6C766F376E61}
		{4BA5BDD1-EDB4-4C7B-9CB8-0CA0D8ABE79B} = {BF945DF9-90BE-407E-82F5-6C766F376E61}
		{3E3A4515-8043-40E8-95D3-73FE2A796C2A} = {BF945DF9-90BE-407E-82F5-6C766F376E61}
		{83C71D5F-2FA2-409A-8113-7892204082E3} = {AE9D9DCC-8AB3-4666-9436-F1C29936EFD9}
		{5BF7D4A3-E0E2-43CE-99E4-0FE8391AD687} = {C3B7B376-B3A5-465F-ADC1-BDE67BAA6FCA}
		{A6896A09-0ED7-4AF8-9F4C-F6DC8FD4C5F6} = {B704A669-0E76-48CF-957E-9C93DD83BD41}
		{F5314E7A-F6C7-44B2-ABA0-D1092CF03798} = {B704A669-0E76-48CF-957E-9C93DD83BD41}
		{714AF4E0-AA42-4324-8A08-3EBB00C31666} = {23C1149B-CF30-443A-9285-DB4B03FEF95C}
		{F6CBBA94-E4A4-442D-B039-06903D8B2A74} = {23C1149B-CF30-443A-9285-DB4B03FEF95C}
		{A789BD58-FFDC-4D4C-B63D-D45832C7B471} = {23C1149B-CF30-443A-9285-DB4B03FEF95C}
		{99491301-87BE-4E49-AFE7-403E2CFB028B} = {23C1149B-CF30-443A-9285-DB4B03FEF95C}
		{0BFA67B8-AA82-44DD-94B9-26C0D0CC4651} = {674D2755-C1FB-4F1A-911C-232DCEEC4EF7}
		{3C91C32C-6D4B-419E-B9AE-63B7DCBE7A54} = {674D2755-C1FB-4F1A-911C-232DCEEC4EF7}
		{99A4C863-8765-4BDA-B83E-37E7BFA313EB} = {674D2755-C1FB-4F1A-911C-232DCEEC4EF7}
		{D051463D-F1E1-4834-9618-E04D9135BBFA} = {674D2755-C1FB-4F1A-911C-232DCEEC4EF7}
		{7CE54AC1-71CC-4F23-BF45-A65D4D9E6758} = {674D2755-C1FB-4F1A-911C-232DCEEC4EF7}
		{44E10B0A-FC4B-45E4-B782-B3ACD6E27CCB} = {674D2755-C1FB-4F1A-911C-232DCEEC4EF7}
		{23021F00-CD58-4B7E-B16A-21F55D8F4240} = {ADB15A9D-3DE9-4DE3-99B1-C02C11583C66}
		{6DFE0715-3369-4F28-B579-233FFB24EE07} = {674D2755-C1FB-4F1A-911C-232DCEEC4EF7}
		{ABEB1969-CEB2-43BB-BD34-6B813145F277} = {674D2755-C1FB-4F1A-911C-232DCEEC4EF7}
		{E0224E0D-B10B-40F8-A212-DE2CC492DB96} = {674D2755-C1FB-4F1A-911C-232DCEEC4EF7}
		{C8556692-63C6-4C7B-B4A4-473020D7C5FF} = {674D2755-C1FB-4F1A-911C-232DCEEC4EF7}
		{09BE82B7-59C5-48B4-8700-A350D16844BA} = {473184F1-8E98-47EA-B2FF-6E957C1652D1}
		{A567482C-B829-45CD-BE2D-F34E577C7C56} = {473184F1-8E98-47EA-B2FF-6E957C1652D1}
		{6B1B6B03-2466-4666-B40B-5853AF243B69} = {C0872639-D7BF-4D5E-BC89-6891C8144892}
		{1C185C71-C729-4B44-B0CF-62BB18541480} = {C0872639-D7BF-4D5E-BC89-6891C8144892}
		{D8F34A84-1313-4742-BE56-973DDCFBCA89} = {C0872639-D7BF-4D5E-BC89-6891C8144892}
		{E4390C04-192F-473F-A272-E60686E5AC60} = {48DE6CF4-E9CC-493E-9639-0971B6A26A99}
		{E1B5D202-4D0B-4905-B350-D13489879462} = {E4390C04-192F-473F-A272-E60686E5AC60}
		{3CB0F8E7-4164-404C-833A-77FCB21BBF3F} = {48DE6CF4-E9CC-493E-9639-0971B6A26A99}
		{30E100E5-4A0D-4FFD-8CCE-8A8F02749342} = {3CB0F8E7-4164-404C-833A-77FCB21BBF3F}
	EndGlobalSection
	GlobalSection(ExtensibilityGlobals) = postSolution
		SolutionGuid = {15CA4E4E-3160-42FF-A98B-DDF236813C22}
	EndGlobalSection
EndGlobal
